{"is_source_file": false, "format": "", "description": "", "external_files": [], "external_methods": [], "published": [], "classes": [], "methods": [], "calls": [], "search-terms": [], "state": 2, "file_id": 41, "knowledge_revision": 81, "git_revision": "93a972b7399f9a61d438531af01e84c60424f627", "hash": "e9b4c3b42cef0193b7fddb548d37e652", "format-version": 4, "code-base-name": "default", "filename": "quicknote_organizer/post_process_status.lock", "revision_history": [{"81": "93a972b7399f9a61d438531af01e84c60424f627"}]}